
Microsoft Visual Studio Solution File, Format Version 12.00
# Visual Studio 15
VisualStudioVersion = 15.0.28010.2003
MinimumVisualStudioVersion = 10.0.40219.1
Project("{8BC9CEB8-8B4A-11D0-8D11-00A0C91BC942}") = "onAI", "onAI.vcxproj", "{9E9A9027-9414-409C-9E51-FF7810CC8F0C}"
EndProject
Global
	GlobalSection(SolutionConfigurationPlatforms) = preSolution
		Debug|x64 = Debug|x64
		Debug|x86 = Debug|x86
		Release|x64 = Release|x64
		Release|x86 = Release|x86
	EndGlobalSection
	GlobalSection(ProjectConfigurationPlatforms) = postSolution
		{9E9A9027-9414-409C-9E51-FF7810CC8F0C}.Debug|x64.ActiveCfg = Debug|x64
		{9E9A9027-9414-409C-9E51-FF7810CC8F0C}.Debug|x64.Build.0 = Debug|x64
		{9E9A9027-9414-409C-9E51-FF7810CC8F0C}.Debug|x86.ActiveCfg = Debug|Win32
		{9E9A9027-9414-409C-9E51-FF7810CC8F0C}.Debug|x86.Build.0 = Debug|Win32
		{9E9A9027-9414-409C-9E51-FF7810CC8F0C}.Release|x64.ActiveCfg = Release|x64
		{9E9A9027-9414-409C-9E51-FF7810CC8F0C}.Release|x64.Build.0 = Release|x64
		{9E9A9027-9414-409C-9E51-FF7810CC8F0C}.Release|x86.ActiveCfg = Release|Win32
		{9E9A9027-9414-409C-9E51-FF7810CC8F0C}.Release|x86.Build.0 = Release|Win32
	EndGlobalSection
	GlobalSection(SolutionProperties) = preSolution
		HideSolutionNode = FALSE
	EndGlobalSection
	GlobalSection(ExtensibilityGlobals) = postSolution
		SolutionGuid = {C25249E4-5FC6-42F5-BCC5-0501160F8620}
	EndGlobalSection
EndGlobal
